
Microsoft Visual Studio Solution File, Format Version 12.00
# Visual Studio 2012
Project("{8BC9CEB8-8B4A-11D0-8D11-00A0C91BC942}") = "SPO3_Client", "SPO3_Client\SPO3_Client.vcxproj", "{39B98633-558C-4693-92CA-37486B223D2A}"
EndProject
Global
	GlobalSection(SolutionConfigurationPlatforms) = preSolution
		Debug|Win32 = Debug|Win32
		Release|Win32 = Release|Win32
	EndGlobalSection
	GlobalSection(ProjectConfigurationPlatforms) = postSolution
		{39B98633-558C-4693-92CA-37486B223D2A}.Debug|Win32.ActiveCfg = Debug|Win32
		{39B98633-558C-4693-92CA-37486B223D2A}.Debug|Win32.Build.0 = Debug|Win32
		{39B98633-558C-4693-92CA-37486B223D2A}.Release|Win32.ActiveCfg = Release|Win32
		{39B98633-558C-4693-92CA-37486B223D2A}.Release|Win32.Build.0 = Release|Win32
	EndGlobalSection
	GlobalSection(SolutionProperties) = preSolution
		HideSolutionNode = FALSE
	EndGlobalSection
EndGlobal
